
Microsoft Visual Studio Solution File, Format Version 12.00
# Visual Studio Version 16
VisualStudioVersion = 16.0.30104.148
MinimumVisualStudioVersion = 10.0.40219.1
Project("{FAE04EC0-301F-11D3-BF4B-00C04F79EFBC}") = "ConsoleApp26", "ConsoleApp26\ConsoleApp26.csproj", "{4C5FA7A6-7783-40D2-92AE-FDBDEB6F7899}"
EndProject
Project("{FAE04EC0-301F-11D3-BF4B-00C04F79EFBC}") = "UnitTestProject1", "UnitTestProject1\UnitTestProject1.csproj", "{5923C09A-D90E-4A2A-B081-D91255000E96}"
EndProject
Global
	GlobalSection(SolutionConfigurationPlatforms) = preSolution
		Debug|Any CPU = Debug|Any CPU
		Release|Any CPU = Release|Any CPU
	EndGlobalSection
	GlobalSection(ProjectConfigurationPlatforms) = postSolution
		{4C5FA7A6-7783-40D2-92AE-FDBDEB6F7899}.Debug|Any CPU.ActiveCfg = Debug|Any CPU
		{4C5FA7A6-7783-40D2-92AE-FDBDEB6F7899}.Debug|Any CPU.Build.0 = Debug|Any CPU
		{4C5FA7A6-7783-40D2-92AE-FDBDEB6F7899}.Release|Any CPU.ActiveCfg = Release|Any CPU
		{4C5FA7A6-7783-40D2-92AE-FDBDEB6F7899}.Release|Any CPU.Build.0 = Release|Any CPU
		{5923C09A-D90E-4A2A-B081-D91255000E96}.Debug|Any CPU.ActiveCfg = Debug|Any CPU
		{5923C09A-D90E-4A2A-B081-D91255000E96}.Debug|Any CPU.Build.0 = Debug|Any CPU
		{5923C09A-D90E-4A2A-B081-D91255000E96}.Release|Any CPU.ActiveCfg = Release|Any CPU
		{5923C09A-D90E-4A2A-B081-D91255000E96}.Release|Any CPU.Build.0 = Release|Any CPU
	EndGlobalSection
	GlobalSection(SolutionProperties) = preSolution
		HideSolutionNode = FALSE
	EndGlobalSection
	GlobalSection(ExtensibilityGlobals) = postSolution
		SolutionGuid = {14C4DC52-FB66-4DF2-BB44-C930C128321F}
	EndGlobalSection
EndGlobal
